# This is a Gradle generated file for dependency locking.
# Manual edits can break the build and are not advised.
# This file is expected to be part of source control.
aopalliance:aopalliance:1.0=annotationProcessor,integrationTestAnnotationProcessor,testAnnotationProcessor,testSupportAnnotationProcessor
com.fasterxml.jackson.core:jackson-core:2.18.6=compileClasspath,integrationTestImplementation,runtimeClasspath,testCompileClasspath,testRuntimeClasspath,testSupportImplementation
com.fasterxml.jackson:jackson-bom:2.18.6=annotationProcessor,compileClasspath,integrationTestAnnotationProcessor,integrationTestImplementation,runtimeClasspath,testAnnotationProcessor,testCompileClasspath,testRuntimeClasspath,testSupportAnnotationProcessor,testSupportImplementation
com.github.ben-manes.caffeine:caffeine:3.2.0=annotationProcessor,integrationTestAnnotationProcessor,integrationTestImplementation,runtimeClasspath,testAnnotationProcessor,testRuntimeClasspath,testSupportAnnotationProcessor,testSupportImplementation
com.github.kevinstern:software-and-algorithms:1.0=annotationProcessor,integrationTestAnnotationProcessor,testAnnotationProcessor,testSupportAnnotationProcessor
com.google.android:annotations:4.1.1.4=integrationTestImplementation,runtimeClasspath,testRuntimeClasspath,testSupportImplementation
com.google.auto.service:auto-service-annotations:1.1.1=annotationProcessor,integrationTestAnnotationProcessor,testAnnotationProcessor,testSupportAnnotationProcessor
com.google.auto.service:auto-service:1.1.1=annotationProcessor,integrationTestAnnotationProcessor,testAnnotationProcessor,testSupportAnnotationProcessor
com.google.auto.value:auto-value-annotations:1.9=annotationProcessor,integrationTestAnnotationProcessor,testAnnotationProcessor,testSupportAnnotationProcessor
com.google.auto:auto-common:1.2.2=annotationProcessor,integrationTestAnnotationProcessor,testAnnotationProcessor,testSupportAnnotationProcessor
com.google.code.findbugs:jsr305:3.0.2=annotationProcessor,integrationTestAnnotationProcessor,integrationTestImplementation,runtimeClasspath,testAnnotationProcessor,testRuntimeClasspath,testSupportAnnotationProcessor,testSupportImplementation
com.google.code.gson:gson:2.11.0=integrationTestImplementation,runtimeClasspath,testRuntimeClasspath,testSupportImplementation
com.google.dagger:dagger:2.55=integrationTestImplementation,runtimeClasspath,testRuntimeClasspath,testSupportImplementation
com.google.errorprone:error_prone_annotation:2.25.0=annotationProcessor,integrationTestAnnotationProcessor,testAnnotationProcessor,testSupportAnnotationProcessor
com.google.errorprone:error_prone_annotations:2.36.0=annotationProcessor,integrationTestAnnotationProcessor,integrationTestImplementation,runtimeClasspath,testAnnotationProcessor,testRuntimeClasspath,testSupportAnnotationProcessor,testSupportImplementation
com.google.errorprone:error_prone_check_api:2.25.0=annotationProcessor,integrationTestAnnotationProcessor,testAnnotationProcessor,testSupportAnnotationProcessor
com.google.errorprone:error_prone_core:2.25.0=annotationProcessor,integrationTestAnnotationProcessor,testAnnotationProcessor,testSupportAnnotationProcessor
com.google.errorprone:error_prone_type_annotations:2.25.0=annotationProcessor,integrationTestAnnotationProcessor,testAnnotationProcessor,testSupportAnnotationProcessor
com.google.errorprone:javac:9+181-r4173-1=errorproneJavac
com.google.guava:failureaccess:1.0.2=annotationProcessor,integrationTestAnnotationProcessor,integrationTestImplementation,runtimeClasspath,testAnnotationProcessor,testRuntimeClasspath,testSupportAnnotationProcessor,testSupportImplementation
com.google.guava:guava:33.4.0-jre=annotationProcessor,integrationTestAnnotationProcessor,integrationTestImplementation,runtimeClasspath,testAnnotationProcessor,testRuntimeClasspath,testSupportAnnotationProcessor,testSupportImplementation
com.google.guava:listenablefuture:9999.0-empty-to-avoid-conflict-with-guava=annotationProcessor,integrationTestAnnotationProcessor,integrationTestImplementation,runtimeClasspath,testAnnotationProcessor,testRuntimeClasspath,testSupportAnnotationProcessor,testSupportImplementation
com.google.inject:guice:5.1.0=annotationProcessor,integrationTestAnnotationProcessor,testAnnotationProcessor,testSupportAnnotationProcessor
com.google.j2objc:j2objc-annotations:3.0.0=annotationProcessor,integrationTestAnnotationProcessor,integrationTestImplementation,runtimeClasspath,testAnnotationProcessor,testRuntimeClasspath,testSupportAnnotationProcessor,testSupportImplementation
com.google.protobuf:protobuf-java:3.25.5=annotationProcessor,integrationTestAnnotationProcessor,testAnnotationProcessor,testSupportAnnotationProcessor
com.squareup.okhttp3:okhttp:4.12.0=integrationTestImplementation,runtimeClasspath,testRuntimeClasspath,testSupportImplementation
com.squareup.okio:okio-jvm:3.6.0=integrationTestImplementation,runtimeClasspath,testRuntimeClasspath,testSupportImplementation
com.squareup.okio:okio:3.6.0=integrationTestImplementation,runtimeClasspath,testRuntimeClasspath,testSupportImplementation
info.picocli:picocli:4.7.6=annotationProcessor,integrationTestAnnotationProcessor,integrationTestImplementation,runtimeClasspath,testAnnotationProcessor,testRuntimeClasspath,testSupportAnnotationProcessor,testSupportImplementation
io.consensys.protocols:jc-kzg-4844:2.1.1=integrationTestImplementation,runtimeClasspath,testRuntimeClasspath,testSupportImplementation
io.consensys.tuweni:tuweni-bytes:2.7.1=compileClasspath,integrationTestImplementation,runtimeClasspath,testCompileClasspath,testRuntimeClasspath,testSupportImplementation
io.consensys.tuweni:tuweni-units:2.7.1=compileClasspath,integrationTestImplementation,runtimeClasspath,testCompileClasspath,testRuntimeClasspath,testSupportImplementation
io.github.eisop:dataflow-errorprone:3.41.0-eisop1=annotationProcessor,integrationTestAnnotationProcessor,testAnnotationProcessor,testSupportAnnotationProcessor
io.github.java-diff-utils:java-diff-utils:4.12=annotationProcessor,integrationTestAnnotationProcessor,testAnnotationProcessor,testSupportAnnotationProcessor
io.grpc:grpc-api:1.70.0=integrationTestImplementation,runtimeClasspath,testRuntimeClasspath,testSupportImplementation
io.grpc:grpc-bom:1.70.0=annotationProcessor,compileClasspath,integrationTestAnnotationProcessor,integrationTestImplementation,runtimeClasspath,testAnnotationProcessor,testCompileClasspath,testRuntimeClasspath,testSupportAnnotationProcessor,testSupportImplementation
io.grpc:grpc-context:1.70.0=integrationTestImplementation,runtimeClasspath,testRuntimeClasspath,testSupportImplementation
io.grpc:grpc-core:1.70.0=integrationTestImplementation,runtimeClasspath,testRuntimeClasspath,testSupportImplementation
io.grpc:grpc-netty:1.70.0=integrationTestImplementation,runtimeClasspath,testRuntimeClasspath,testSupportImplementation
io.grpc:grpc-util:1.70.0=integrationTestImplementation,runtimeClasspath,testRuntimeClasspath,testSupportImplementation
io.netty:netty-all:4.2.12.Final=integrationTestImplementation,runtimeClasspath,testRuntimeClasspath,testSupportImplementation
io.netty:netty-bom:4.2.12.Final=annotationProcessor,compileClasspath,integrationTestAnnotationProcessor,integrationTestImplementation,runtimeClasspath,testAnnotationProcessor,testCompileClasspath,testRuntimeClasspath,testSupportAnnotationProcessor,testSupportImplementation
io.netty:netty-buffer:4.2.12.Final=compileClasspath,integrationTestImplementation,runtimeClasspath,testCompileClasspath,testRuntimeClasspath,testSupportImplementation
io.netty:netty-codec-base:4.2.12.Final=compileClasspath,integrationTestImplementation,runtimeClasspath,testCompileClasspath,testRuntimeClasspath,testSupportImplementation
io.netty:netty-codec-classes-quic:4.2.12.Final=integrationTestImplementation,runtimeClasspath,testRuntimeClasspath,testSupportImplementation
io.netty:netty-codec-compression:4.2.12.Final=compileClasspath,integrationTestImplementation,runtimeClasspath,testCompileClasspath,testRuntimeClasspath,testSupportImplementation
io.netty:netty-codec-dns:4.2.12.Final=compileClasspath,integrationTestImplementation,runtimeClasspath,testCompileClasspath,testRuntimeClasspath,testSupportImplementation
io.netty:netty-codec-haproxy:4.2.12.Final=integrationTestImplementation,runtimeClasspath,testRuntimeClasspath,testSupportImplementation
io.netty:netty-codec-http2:4.2.12.Final=compileClasspath,integrationTestImplementation,runtimeClasspath,testCompileClasspath,testRuntimeClasspath,testSupportImplementation
io.netty:netty-codec-http3:4.2.12.Final=integrationTestImplementation,runtimeClasspath,testRuntimeClasspath,testSupportImplementation
io.netty:netty-codec-http:4.2.12.Final=compileClasspath,integrationTestImplementation,runtimeClasspath,testCompileClasspath,testRuntimeClasspath,testSupportImplementation
io.netty:netty-codec-marshalling:4.2.12.Final=integrationTestImplementation,runtimeClasspath,testRuntimeClasspath,testSupportImplementation
io.netty:netty-codec-memcache:4.2.12.Final=integrationTestImplementation,runtimeClasspath,testRuntimeClasspath,testSupportImplementation
io.netty:netty-codec-mqtt:4.2.12.Final=integrationTestImplementation,runtimeClasspath,testRuntimeClasspath,testSupportImplementation
io.netty:netty-codec-native-quic:4.2.12.Final=integrationTestImplementation,runtimeClasspath,testRuntimeClasspath,testSupportImplementation
io.netty:netty-codec-protobuf:4.2.12.Final=integrationTestImplementation,runtimeClasspath,testRuntimeClasspath,testSupportImplementation
io.netty:netty-codec-redis:4.2.12.Final=integrationTestImplementation,runtimeClasspath,testRuntimeClasspath,testSupportImplementation
io.netty:netty-codec-smtp:4.2.12.Final=integrationTestImplementation,runtimeClasspath,testRuntimeClasspath,testSupportImplementation
io.netty:netty-codec-socks:4.2.12.Final=compileClasspath,integrationTestImplementation,runtimeClasspath,testCompileClasspath,testRuntimeClasspath,testSupportImplementation
io.netty:netty-codec-stomp:4.2.12.Final=integrationTestImplementation,runtimeClasspath,testRuntimeClasspath,testSupportImplementation
io.netty:netty-codec-xml:4.2.12.Final=integrationTestImplementation,runtimeClasspath,testRuntimeClasspath,testSupportImplementation
io.netty:netty-codec:4.2.12.Final=integrationTestImplementation,runtimeClasspath,testRuntimeClasspath,testSupportImplementation
io.netty:netty-common:4.2.12.Final=compileClasspath,integrationTestImplementation,runtimeClasspath,testCompileClasspath,testRuntimeClasspath,testSupportImplementation
io.netty:netty-handler-proxy:4.2.12.Final=compileClasspath,integrationTestImplementation,runtimeClasspath,testCompileClasspath,testRuntimeClasspath,testSupportImplementation
io.netty:netty-handler-ssl-ocsp:4.2.12.Final=integrationTestImplementation,runtimeClasspath,testRuntimeClasspath,testSupportImplementation
io.netty:netty-handler:4.2.12.Final=compileClasspath,integrationTestImplementation,runtimeClasspath,testCompileClasspath,testRuntimeClasspath,testSupportImplementation
io.netty:netty-resolver-dns-classes-macos:4.2.12.Final=integrationTestImplementation,runtimeClasspath,testRuntimeClasspath,testSupportImplementation
io.netty:netty-resolver-dns-native-macos:4.2.12.Final=integrationTestImplementation,runtimeClasspath,testRuntimeClasspath,testSupportImplementation
io.netty:netty-resolver-dns:4.2.12.Final=compileClasspath,integrationTestImplementation,runtimeClasspath,testCompileClasspath,testRuntimeClasspath,testSupportImplementation
io.netty:netty-resolver:4.2.12.Final=compileClasspath,integrationTestImplementation,runtimeClasspath,testCompileClasspath,testRuntimeClasspath,testSupportImplementation
io.netty:netty-tcnative-boringssl-static:2.0.75.Final=integrationTestImplementation,runtimeClasspath,testRuntimeClasspath,testSupportImplementation
io.netty:netty-tcnative-classes:2.0.75.Final=integrationTestImplementation,runtimeClasspath,testRuntimeClasspath,testSupportImplementation
io.netty:netty-transport-classes-epoll:4.2.12.Final=integrationTestImplementation,runtimeClasspath,testRuntimeClasspath,testSupportImplementation
io.netty:netty-transport-classes-io_uring:4.2.12.Final=integrationTestImplementation,runtimeClasspath,testRuntimeClasspath,testSupportImplementation
io.netty:netty-transport-classes-kqueue:4.2.12.Final=integrationTestImplementation,runtimeClasspath,testRuntimeClasspath,testSupportImplementation
io.netty:netty-transport-native-epoll:4.2.12.Final=integrationTestImplementation,runtimeClasspath,testRuntimeClasspath,testSupportImplementation
io.netty:netty-transport-native-io_uring:4.2.12.Final=integrationTestImplementation,runtimeClasspath,testRuntimeClasspath,testSupportImplementation
io.netty:netty-transport-native-kqueue:4.2.12.Final=integrationTestImplementation,runtimeClasspath,testRuntimeClasspath,testSupportImplementation
io.netty:netty-transport-native-unix-common:4.2.12.Final=compileClasspath,integrationTestImplementation,runtimeClasspath,testCompileClasspath,testRuntimeClasspath,testSupportImplementation
io.netty:netty-transport-rxtx:4.2.12.Final=integrationTestImplementation,runtimeClasspath,testRuntimeClasspath,testSupportImplementation
io.netty:netty-transport-sctp:4.2.12.Final=integrationTestImplementation,runtimeClasspath,testRuntimeClasspath,testSupportImplementation
io.netty:netty-transport-udt:4.2.12.Final=integrationTestImplementation,runtimeClasspath,testRuntimeClasspath,testSupportImplementation
io.netty:netty-transport:4.2.12.Final=compileClasspath,integrationTestImplementation,runtimeClasspath,testCompileClasspath,testRuntimeClasspath,testSupportImplementation
io.opentelemetry.semconv:opentelemetry-semconv-incubating:1.30.0-alpha=integrationTestImplementation,runtimeClasspath,testRuntimeClasspath,testSupportImplementation
io.opentelemetry.semconv:opentelemetry-semconv:1.30.0=integrationTestImplementation,runtimeClasspath,testRuntimeClasspath,testSupportImplementation
io.opentelemetry:opentelemetry-api:1.47.0=integrationTestImplementation,runtimeClasspath,testRuntimeClasspath,testSupportImplementation
io.opentelemetry:opentelemetry-bom:1.47.0=annotationProcessor,compileClasspath,integrationTestAnnotationProcessor,integrationTestImplementation,runtimeClasspath,testAnnotationProcessor,testCompileClasspath,testRuntimeClasspath,testSupportAnnotationProcessor,testSupportImplementation
io.opentelemetry:opentelemetry-context:1.47.0=integrationTestImplementation,runtimeClasspath,testRuntimeClasspath,testSupportImplementation
io.opentelemetry:opentelemetry-exporter-common:1.47.0=integrationTestImplementation,runtimeClasspath,testRuntimeClasspath,testSupportImplementation
io.opentelemetry:opentelemetry-exporter-otlp-common:1.47.0=integrationTestImplementation,runtimeClasspath,testRuntimeClasspath,testSupportImplementation
io.opentelemetry:opentelemetry-exporter-otlp:1.47.0=integrationTestImplementation,runtimeClasspath,testRuntimeClasspath,testSupportImplementation
io.opentelemetry:opentelemetry-exporter-sender-okhttp:1.47.0=integrationTestImplementation,runtimeClasspath,testRuntimeClasspath,testSupportImplementation
io.opentelemetry:opentelemetry-sdk-common:1.47.0=integrationTestImplementation,runtimeClasspath,testRuntimeClasspath,testSupportImplementation
io.opentelemetry:opentelemetry-sdk-extension-autoconfigure-spi:1.47.0=integrationTestImplementation,runtimeClasspath,testRuntimeClasspath,testSupportImplementation
io.opentelemetry:opentelemetry-sdk-extension-autoconfigure:1.47.0=integrationTestImplementation,runtimeClasspath,testRuntimeClasspath,testSupportImplementation
io.opentelemetry:opentelemetry-sdk-logs:1.47.0=integrationTestImplementation,runtimeClasspath,testRuntimeClasspath,testSupportImplementation
io.opentelemetry:opentelemetry-sdk-metrics:1.47.0=integrationTestImplementation,runtimeClasspath,testRuntimeClasspath,testSupportImplementation
io.opentelemetry:opentelemetry-sdk-trace:1.47.0=integrationTestImplementation,runtimeClasspath,testRuntimeClasspath,testSupportImplementation
io.opentelemetry:opentelemetry-sdk:1.47.0=integrationTestImplementation,runtimeClasspath,testRuntimeClasspath,testSupportImplementation
io.perfmark:perfmark-api:0.27.0=integrationTestImplementation,runtimeClasspath,testRuntimeClasspath,testSupportImplementation
io.prometheus:prometheus-metrics-bom:1.3.5=annotationProcessor,compileClasspath,integrationTestAnnotationProcessor,integrationTestImplementation,runtimeClasspath,testAnnotationProcessor,testCompileClasspath,testRuntimeClasspath,testSupportAnnotationProcessor,testSupportImplementation
io.prometheus:prometheus-metrics-config:1.3.5=integrationTestImplementation,runtimeClasspath,testRuntimeClasspath,testSupportImplementation
io.prometheus:prometheus-metrics-core:1.3.5=integrationTestImplementation,runtimeClasspath,testRuntimeClasspath,testSupportImplementation
io.prometheus:prometheus-metrics-exporter-common:1.3.5=integrationTestImplementation,runtimeClasspath,testRuntimeClasspath,testSupportImplementation
io.prometheus:prometheus-metrics-exporter-httpserver:1.3.5=integrationTestImplementation,runtimeClasspath,testRuntimeClasspath,testSupportImplementation
io.prometheus:prometheus-metrics-exporter-pushgateway:1.3.5=integrationTestImplementation,runtimeClasspath,testRuntimeClasspath,testSupportImplementation
io.prometheus:prometheus-metrics-exposition-formats:1.3.5=integrationTestImplementation,runtimeClasspath,testRuntimeClasspath,testSupportImplementation
io.prometheus:prometheus-metrics-exposition-textformats:1.3.5=integrationTestImplementation,runtimeClasspath,testRuntimeClasspath,testSupportImplementation
io.prometheus:prometheus-metrics-instrumentation-guava:1.3.5=integrationTestImplementation,runtimeClasspath,testRuntimeClasspath,testSupportImplementation
io.prometheus:prometheus-metrics-instrumentation-jvm:1.3.5=integrationTestImplementation,runtimeClasspath,testRuntimeClasspath,testSupportImplementation
io.prometheus:prometheus-metrics-model:1.3.5=integrationTestImplementation,runtimeClasspath,testRuntimeClasspath,testSupportImplementation
io.prometheus:prometheus-metrics-tracer-common:1.3.5=integrationTestImplementation,runtimeClasspath,testRuntimeClasspath,testSupportImplementation
io.prometheus:prometheus-metrics-tracer-initializer:1.3.5=integrationTestImplementation,runtimeClasspath,testRuntimeClasspath,testSupportImplementation
io.prometheus:prometheus-metrics-tracer-otel-agent:1.3.5=integrationTestImplementation,runtimeClasspath,testRuntimeClasspath,testSupportImplementation
io.prometheus:prometheus-metrics-tracer-otel:1.3.5=integrationTestImplementation,runtimeClasspath,testRuntimeClasspath,testSupportImplementation
io.vertx:vertx-auth-common:4.5.22=integrationTestImplementation,runtimeClasspath,testRuntimeClasspath,testSupportImplementation
io.vertx:vertx-bridge-common:4.5.22=integrationTestImplementation,runtimeClasspath,testRuntimeClasspath,testSupportImplementation
io.vertx:vertx-core:4.5.22=compileClasspath,integrationTestImplementation,runtimeClasspath,testCompileClasspath,testRuntimeClasspath,testSupportImplementation
io.vertx:vertx-stack-depchain:4.5.22=annotationProcessor,compileClasspath,integrationTestAnnotationProcessor,integrationTestImplementation,runtimeClasspath,testAnnotationProcessor,testCompileClasspath,testRuntimeClasspath,testSupportAnnotationProcessor,testSupportImplementation
io.vertx:vertx-web-common:4.5.22=integrationTestImplementation,runtimeClasspath,testRuntimeClasspath,testSupportImplementation
io.vertx:vertx-web:4.5.22=integrationTestImplementation,runtimeClasspath,testRuntimeClasspath,testSupportImplementation
jakarta.inject:jakarta.inject-api:2.0.1=integrationTestImplementation,runtimeClasspath,testRuntimeClasspath,testSupportImplementation
jakarta.validation:jakarta.validation-api:3.0.2=compileClasspath,integrationTestImplementation,runtimeClasspath,testCompileClasspath,testRuntimeClasspath,testSupportImplementation
javax.inject:javax.inject:1=annotationProcessor,integrationTestAnnotationProcessor,integrationTestImplementation,runtimeClasspath,testAnnotationProcessor,testRuntimeClasspath,testSupportAnnotationProcessor,testSupportImplementation
net.java.dev.jna:jna:5.16.0=integrationTestImplementation,runtimeClasspath,testRuntimeClasspath,testSupportImplementation
org.apache.commons:commons-lang3:3.18.0=compileClasspath,integrationTestImplementation,runtimeClasspath,testCompileClasspath,testRuntimeClasspath,testSupportImplementation
org.apache.logging.log4j:log4j-api:2.25.3=integrationTestImplementation,runtimeClasspath,testRuntimeClasspath,testSupportImplementation
org.apache.logging.log4j:log4j-bom:2.25.3=annotationProcessor,compileClasspath,integrationTestAnnotationProcessor,integrationTestImplementation,runtimeClasspath,testAnnotationProcessor,testCompileClasspath,testRuntimeClasspath,testSupportAnnotationProcessor,testSupportImplementation
org.apache.logging.log4j:log4j-core:2.25.3=integrationTestImplementation,runtimeClasspath,testRuntimeClasspath,testSupportImplementation
org.apache.logging.log4j:log4j-slf4j2-impl:2.25.3=integrationTestImplementation,runtimeClasspath,testRuntimeClasspath,testSupportImplementation
org.assertj:assertj-bom:3.27.7=annotationProcessor,compileClasspath,integrationTestAnnotationProcessor,integrationTestImplementation,runtimeClasspath,testAnnotationProcessor,testCompileClasspath,testRuntimeClasspath,testSupportAnnotationProcessor,testSupportImplementation
org.bouncycastle:bcpkix-jdk18on:1.80=integrationTestImplementation,runtimeClasspath,testRuntimeClasspath,testSupportImplementation
org.bouncycastle:bcprov-jdk18on:1.80=integrationTestImplementation,runtimeClasspath,testRuntimeClasspath,testSupportImplementation
org.bouncycastle:bcutil-jdk18on:1.80=integrationTestImplementation,runtimeClasspath,testRuntimeClasspath,testSupportImplementation
org.checkerframework:checker-qual:3.43.0=annotationProcessor,integrationTestAnnotationProcessor,integrationTestImplementation,runtimeClasspath,testAnnotationProcessor,testRuntimeClasspath,testSupportAnnotationProcessor,testSupportImplementation
org.codehaus.mojo:animal-sniffer-annotations:1.24=integrationTestImplementation,runtimeClasspath,testRuntimeClasspath,testSupportImplementation
org.connid:framework-internal:1.3.2=compileClasspath,integrationTestImplementation,runtimeClasspath,testCompileClasspath,testRuntimeClasspath,testSupportImplementation
org.connid:framework:1.3.2=compileClasspath,integrationTestImplementation,runtimeClasspath,testCompileClasspath,testRuntimeClasspath,testSupportImplementation
org.hyperledger.besu:arithmetic:1.4.0=integrationTestImplementation,runtimeClasspath,testRuntimeClasspath,testSupportImplementation
org.hyperledger.besu:besu-errorprone-checks:1.1.0=annotationProcessor,integrationTestAnnotationProcessor,testAnnotationProcessor,testSupportAnnotationProcessor
org.hyperledger.besu:besu-native-common:1.4.0=integrationTestImplementation,runtimeClasspath,testRuntimeClasspath,testSupportImplementation
org.hyperledger.besu:blake2bf:1.4.0=integrationTestImplementation,runtimeClasspath,testRuntimeClasspath,testSupportImplementation
org.hyperledger.besu:boringssl:1.4.0=integrationTestImplementation,runtimeClasspath,testRuntimeClasspath,testSupportImplementation
org.hyperledger.besu:gnark:1.4.0=integrationTestImplementation,runtimeClasspath,testRuntimeClasspath,testSupportImplementation
org.hyperledger.besu:secp256k1:1.4.0=integrationTestImplementation,runtimeClasspath,testRuntimeClasspath,testSupportImplementation
org.hyperledger.besu:secp256r1:1.4.0=integrationTestImplementation,runtimeClasspath,testRuntimeClasspath,testSupportImplementation
org.immutables:bom:2.10.1=annotationProcessor,compileClasspath,integrationTestAnnotationProcessor,integrationTestImplementation,runtimeClasspath,testAnnotationProcessor,testCompileClasspath,testRuntimeClasspath,testSupportAnnotationProcessor,testSupportImplementation
org.jacoco:org.jacoco.agent:0.8.11=jacocoAgent,jacocoAnt
org.jacoco:org.jacoco.ant:0.8.11=jacocoAnt
org.jacoco:org.jacoco.core:0.8.11=jacocoAnt
org.jacoco:org.jacoco.report:0.8.11=jacocoAnt
org.jctools:jctools-core:4.0.5=integrationTestImplementation,runtimeClasspath,testRuntimeClasspath,testSupportImplementation
org.jetbrains.kotlin:kotlin-stdlib-common:2.1.0=integrationTestImplementation,runtimeClasspath,testRuntimeClasspath,testSupportImplementation
org.jetbrains.kotlin:kotlin-stdlib-jdk7:1.9.10=integrationTestImplementation,runtimeClasspath,testRuntimeClasspath,testSupportImplementation
org.jetbrains.kotlin:kotlin-stdlib-jdk8:1.9.10=integrationTestImplementation,runtimeClasspath,testRuntimeClasspath,testSupportImplementation
org.jetbrains.kotlin:kotlin-stdlib:2.1.0=compileClasspath,integrationTestImplementation,runtimeClasspath,testCompileClasspath,testRuntimeClasspath,testSupportImplementation
org.jetbrains:annotations:13.0=compileClasspath,integrationTestImplementation,runtimeClasspath,testCompileClasspath,testRuntimeClasspath,testSupportImplementation
org.jspecify:jspecify:1.0.0=annotationProcessor,integrationTestAnnotationProcessor,integrationTestImplementation,runtimeClasspath,testAnnotationProcessor,testRuntimeClasspath,testSupportAnnotationProcessor,testSupportImplementation
org.junit:junit-bom:5.11.4=annotationProcessor,compileClasspath,integrationTestAnnotationProcessor,integrationTestImplementation,runtimeClasspath,testAnnotationProcessor,testCompileClasspath,testRuntimeClasspath,testSupportAnnotationProcessor,testSupportImplementation
org.mockito:mockito-bom:5.15.2=annotationProcessor,compileClasspath,integrationTestAnnotationProcessor,integrationTestImplementation,runtimeClasspath,testAnnotationProcessor,testCompileClasspath,testRuntimeClasspath,testSupportAnnotationProcessor,testSupportImplementation
org.ow2.asm:asm-commons:9.6=jacocoAnt
org.ow2.asm:asm-tree:9.6=jacocoAnt
org.ow2.asm:asm:9.6=jacocoAnt
org.pcollections:pcollections:4.0.1=annotationProcessor,integrationTestAnnotationProcessor,testAnnotationProcessor,testSupportAnnotationProcessor
org.rocksdb:rocksdbjni:9.7.3=compileClasspath,integrationTestImplementation,runtimeClasspath,testCompileClasspath,testRuntimeClasspath,testSupportImplementation
org.slf4j:slf4j-api:2.0.16=annotationProcessor,compileClasspath,integrationTestAnnotationProcessor,runtimeClasspath,testAnnotationProcessor,testCompileClasspath,testRuntimeClasspath,testSupportAnnotationProcessor
org.slf4j:slf4j-api:2.0.17=integrationTestImplementation,testSupportImplementation
org.slf4j:slf4j-bom:2.0.16=annotationProcessor,compileClasspath,integrationTestAnnotationProcessor,integrationTestImplementation,runtimeClasspath,testAnnotationProcessor,testCompileClasspath,testRuntimeClasspath,testSupportAnnotationProcessor,testSupportImplementation
org.xerial.snappy:snappy-java:1.1.10.7=integrationTestImplementation,runtimeClasspath,testRuntimeClasspath,testSupportImplementation
empty=testSupportArtifacts
